
Microsoft Visual Studio Solution File, Format Version 12.00
# Visual Studio Version 17
VisualStudioVersion = 17.6.33801.468
MinimumVisualStudioVersion = 10.0.40219.1
Project("{FAE04EC0-301F-11D3-BF4B-00C04F79EFBC}") = "cloudwebdevelopment", "cloudwebdevelopment.csproj", "{2C16698C-B079-4642-B9C5-756B67DB585B}"
EndProject
Global
	GlobalSection(SolutionConfigurationPlatforms) = preSolution
		Debug|Any CPU = Debug|Any CPU
		Release|Any CPU = Release|Any CPU
	EndGlobalSection
	GlobalSection(ProjectConfigurationPlatforms) = postSolution
		{2C16698C-B079-4642-B9C5-756B67DB585B}.Debug|Any CPU.ActiveCfg = Debug|Any CPU
		{2C16698C-B079-4642-B9C5-756B67DB585B}.Debug|Any CPU.Build.0 = Debug|Any CPU
		{2C16698C-B079-4642-B9C5-756B67DB585B}.Release|Any CPU.ActiveCfg = Release|Any CPU
		{2C16698C-B079-4642-B9C5-756B67DB585B}.Release|Any CPU.Build.0 = Release|Any CPU
	EndGlobalSection
	GlobalSection(SolutionProperties) = preSolution
		HideSolutionNode = FALSE
	EndGlobalSection
	GlobalSection(ExtensibilityGlobals) = postSolution
		SolutionGuid = {8E701E4E-6669-4925-996A-E76D11F1F6FA}
	EndGlobalSection
EndGlobal
